
Microsoft Visual Studio Solution File, Format Version 12.00
# Visual Studio Version 17
VisualStudioVersion = 17.13.35825.156
MinimumVisualStudioVersion = 10.0.40219.1
Project("{FAE04EC0-301F-11D3-BF4B-00C04F79EFBC}") = "Unit3", "Unit3\Unit3.csproj", "{E9AAB485-3754-4B24-92F3-16C8EBA37456}"
EndProject
Project("{FAE04EC0-301F-11D3-BF4B-00C04F79EFBC}") = "Unit5", "Unit5\Unit5.csproj", "{EF2A3D1C-A946-46B2-89D1-52EC04BBE523}"
EndProject
Project("{FAE04EC0-301F-11D3-BF4B-00C04F79EFBC}") = "Unit6", "Unit6\Unit6.csproj", "{E8C2FD9E-DE8F-4F64-B39A-50BBC2010F71}"
EndProject
Project("{FAE04EC0-301F-11D3-BF4B-00C04F79EFBC}") = "Unit4", "Unit4\Unit4.csproj", "{D6654583-11A8-4FEC-9AF3-5E6E50A5F498}"
EndProject
Project("{FAE04EC0-301F-11D3-BF4B-00C04F79EFBC}") = "Unit7B", "Unit7B\Unit7B.csproj", "{7B78BCE3-4FA4-40DB-AFF7-64BC02DAFDC0}"
EndProject
Project("{FAE04EC0-301F-11D3-BF4B-00C04F79EFBC}") = "Unit5B", "Unit5B\Unit5B.csproj", "{D5B843A2-FBE9-4983-B94B-0C79FFF7B259}"
EndProject
Project("{FAE04EC0-301F-11D3-BF4B-00C04F79EFBC}") = "Unit6B", "Unit6B\Unit6B.csproj", "{EF0366D6-9915-4AD5-B2FB-F0582897AAD3}"
EndProject
Project("{FAE04EC0-301F-11D3-BF4B-00C04F79EFBC}") = "Unit5D", "Unit5D\Unit5D.csproj", "{41226DA7-B6E4-42E9-A4AE-F6D87363338B}"
EndProject
Project("{FAE04EC0-301F-11D3-BF4B-00C04F79EFBC}") = "Unit11", "Unit11\Unit11.csproj", "{64AA160C-72DA-4B5B-B905-59F34A81115D}"
EndProject
Project("{FAE04EC0-301F-11D3-BF4B-00C04F79EFBC}") = "Unit11A", "Unit11A\Unit11A.csproj", "{B703FEC7-D265-41A2-BDB4-E1A71238A5E4}"
EndProject
Project("{FAE04EC0-301F-11D3-BF4B-00C04F79EFBC}") = "Unit20", "Unit20\Unit20.csproj", "{9D3C74F3-3E5F-4A65-B21B-E163337722E5}"
EndProject
Project("{FAE04EC0-301F-11D3-BF4B-00C04F79EFBC}") = "Unit20A", "Unit20A\Unit20A.csproj", "{45BA56F7-EFB1-4A4D-AD2B-6986CF36A2D7}"
EndProject
Project("{FAE04EC0-301F-11D3-BF4B-00C04F79EFBC}") = "Unit12", "Unit12\Unit12.csproj", "{F4EF6510-507A-4CF1-8DBE-03C6DFF66493}"
EndProject
Global
	GlobalSection(SolutionConfigurationPlatforms) = preSolution
		Debug|Any CPU = Debug|Any CPU
		Release|Any CPU = Release|Any CPU
	EndGlobalSection
	GlobalSection(ProjectConfigurationPlatforms) = postSolution
		{E9AAB485-3754-4B24-92F3-16C8EBA37456}.Debug|Any CPU.ActiveCfg = Debug|Any CPU
		{E9AAB485-3754-4B24-92F3-16C8EBA37456}.Debug|Any CPU.Build.0 = Debug|Any CPU
		{E9AAB485-3754-4B24-92F3-16C8EBA37456}.Release|Any CPU.ActiveCfg = Release|Any CPU
		{E9AAB485-3754-4B24-92F3-16C8EBA37456}.Release|Any CPU.Build.0 = Release|Any CPU
		{EF2A3D1C-A946-46B2-89D1-52EC04BBE523}.Debug|Any CPU.ActiveCfg = Debug|Any CPU
		{EF2A3D1C-A946-46B2-89D1-52EC04BBE523}.Debug|Any CPU.Build.0 = Debug|Any CPU
		{EF2A3D1C-A946-46B2-89D1-52EC04BBE523}.Release|Any CPU.ActiveCfg = Release|Any CPU
		{EF2A3D1C-A946-46B2-89D1-52EC04BBE523}.Release|Any CPU.Build.0 = Release|Any CPU
		{E8C2FD9E-DE8F-4F64-B39A-50BBC2010F71}.Debug|Any CPU.ActiveCfg = Debug|Any CPU
		{E8C2FD9E-DE8F-4F64-B39A-50BBC2010F71}.Debug|Any CPU.Build.0 = Debug|Any CPU
		{E8C2FD9E-DE8F-4F64-B39A-50BBC2010F71}.Release|Any CPU.ActiveCfg = Release|Any CPU
		{E8C2FD9E-DE8F-4F64-B39A-50BBC2010F71}.Release|Any CPU.Build.0 = Release|Any CPU
		{D6654583-11A8-4FEC-9AF3-5E6E50A5F498}.Debug|Any CPU.ActiveCfg = Debug|Any CPU
		{D6654583-11A8-4FEC-9AF3-5E6E50A5F498}.Debug|Any CPU.Build.0 = Debug|Any CPU
		{D6654583-11A8-4FEC-9AF3-5E6E50A5F498}.Release|Any CPU.ActiveCfg = Release|Any CPU
		{D6654583-11A8-4FEC-9AF3-5E6E50A5F498}.Release|Any CPU.Build.0 = Release|Any CPU
		{7B78BCE3-4FA4-40DB-AFF7-64BC02DAFDC0}.Debug|Any CPU.ActiveCfg = Debug|Any CPU
		{7B78BCE3-4FA4-40DB-AFF7-64BC02DAFDC0}.Debug|Any CPU.Build.0 = Debug|Any CPU
		{7B78BCE3-4FA4-40DB-AFF7-64BC02DAFDC0}.Release|Any CPU.ActiveCfg = Release|Any CPU
		{7B78BCE3-4FA4-40DB-AFF7-64BC02DAFDC0}.Release|Any CPU.Build.0 = Release|Any CPU
		{D5B843A2-FBE9-4983-B94B-0C79FFF7B259}.Debug|Any CPU.ActiveCfg = Debug|Any CPU
		{D5B843A2-FBE9-4983-B94B-0C79FFF7B259}.Debug|Any CPU.Build.0 = Debug|Any CPU
		{D5B843A2-FBE9-4983-B94B-0C79FFF7B259}.Release|Any CPU.ActiveCfg = Release|Any CPU
		{D5B843A2-FBE9-4983-B94B-0C79FFF7B259}.Release|Any CPU.Build.0 = Release|Any CPU
		{EF0366D6-9915-4AD5-B2FB-F0582897AAD3}.Debug|Any CPU.ActiveCfg = Debug|Any CPU
		{EF0366D6-9915-4AD5-B2FB-F0582897AAD3}.Debug|Any CPU.Build.0 = Debug|Any CPU
		{EF0366D6-9915-4AD5-B2FB-F0582897AAD3}.Release|Any CPU.ActiveCfg = Release|Any CPU
		{EF0366D6-9915-4AD5-B2FB-F0582897AAD3}.Release|Any CPU.Build.0 = Release|Any CPU
		{41226DA7-B6E4-42E9-A4AE-F6D87363338B}.Debug|Any CPU.ActiveCfg = Debug|Any CPU
		{41226DA7-B6E4-42E9-A4AE-F6D87363338B}.Debug|Any CPU.Build.0 = Debug|Any CPU
		{41226DA7-B6E4-42E9-A4AE-F6D87363338B}.Release|Any CPU.ActiveCfg = Release|Any CPU
		{41226DA7-B6E4-42E9-A4AE-F6D87363338B}.Release|Any CPU.Build.0 = Release|Any CPU
		{64AA160C-72DA-4B5B-B905-59F34A81115D}.Debug|Any CPU.ActiveCfg = Debug|Any CPU
		{64AA160C-72DA-4B5B-B905-59F34A81115D}.Debug|Any CPU.Build.0 = Debug|Any CPU
		{64AA160C-72DA-4B5B-B905-59F34A81115D}.Release|Any CPU.ActiveCfg = Release|Any CPU
		{64AA160C-72DA-4B5B-B905-59F34A81115D}.Release|Any CPU.Build.0 = Release|Any CPU
		{B703FEC7-D265-41A2-BDB4-E1A71238A5E4}.Debug|Any CPU.ActiveCfg = Debug|Any CPU
		{B703FEC7-D265-41A2-BDB4-E1A71238A5E4}.Debug|Any CPU.Build.0 = Debug|Any CPU
		{B703FEC7-D265-41A2-BDB4-E1A71238A5E4}.Release|Any CPU.ActiveCfg = Release|Any CPU
		{B703FEC7-D265-41A2-BDB4-E1A71238A5E4}.Release|Any CPU.Build.0 = Release|Any CPU
		{9D3C74F3-3E5F-4A65-B21B-E163337722E5}.Debug|Any CPU.ActiveCfg = Debug|Any CPU
		{9D3C74F3-3E5F-4A65-B21B-E163337722E5}.Debug|Any CPU.Build.0 = Debug|Any CPU
		{9D3C74F3-3E5F-4A65-B21B-E163337722E5}.Release|Any CPU.ActiveCfg = Release|Any CPU
		{9D3C74F3-3E5F-4A65-B21B-E163337722E5}.Release|Any CPU.Build.0 = Release|Any CPU
		{45BA56F7-EFB1-4A4D-AD2B-6986CF36A2D7}.Debug|Any CPU.ActiveCfg = Debug|Any CPU
		{45BA56F7-EFB1-4A4D-AD2B-6986CF36A2D7}.Debug|Any CPU.Build.0 = Debug|Any CPU
		{45BA56F7-EFB1-4A4D-AD2B-6986CF36A2D7}.Release|Any CPU.ActiveCfg = Release|Any CPU
		{45BA56F7-EFB1-4A4D-AD2B-6986CF36A2D7}.Release|Any CPU.Build.0 = Release|Any CPU
		{F4EF6510-507A-4CF1-8DBE-03C6DFF66493}.Debug|Any CPU.ActiveCfg = Debug|Any CPU
		{F4EF6510-507A-4CF1-8DBE-03C6DFF66493}.Debug|Any CPU.Build.0 = Debug|Any CPU
		{F4EF6510-507A-4CF1-8DBE-03C6DFF66493}.Release|Any CPU.ActiveCfg = Release|Any CPU
		{F4EF6510-507A-4CF1-8DBE-03C6DFF66493}.Release|Any CPU.Build.0 = Release|Any CPU
	EndGlobalSection
	GlobalSection(SolutionProperties) = preSolution
		HideSolutionNode = FALSE
	EndGlobalSection
	GlobalSection(ExtensibilityGlobals) = postSolution
		SolutionGuid = {873FB672-3829-480B-87A6-27000C5E07BB}
	EndGlobalSection
EndGlobal
